
Microsoft Visual Studio Solution File, Format Version 12.00
Project("{FAE04EC0-301F-11D3-BF4B-00C04F79EFBC}") = "CardsAgainstHumanity", "CardsAgainstHumanity\CardsAgainstHumanity.csproj", "{8C133D92-FF6C-4B56-9ECD-E940B71A4592}"
EndProject
Global
	GlobalSection(SolutionConfigurationPlatforms) = preSolution
		Debug|Any CPU = Debug|Any CPU
		Release|Any CPU = Release|Any CPU
	EndGlobalSection
	GlobalSection(ProjectConfigurationPlatforms) = postSolution
		{8C133D92-FF6C-4B56-9ECD-E940B71A4592}.Debug|Any CPU.ActiveCfg = Debug|Any CPU
		{8C133D92-FF6C-4B56-9ECD-E940B71A4592}.Debug|Any CPU.Build.0 = Debug|Any CPU
		{8C133D92-FF6C-4B56-9ECD-E940B71A4592}.Release|Any CPU.ActiveCfg = Release|Any CPU
		{8C133D92-FF6C-4B56-9ECD-E940B71A4592}.Release|Any CPU.Build.0 = Release|Any CPU
	EndGlobalSection
EndGlobal
